
Microsoft Visual Studio Solution File, Format Version 12.00
# Visual Studio 15
VisualStudioVersion = 15.0.34112.143
MinimumVisualStudioVersion = 10.0.40219.1
Project("{FAE04EC0-301F-11D3-BF4B-00C04F79EFBC}") = "testgit", "testgit\testgit.csproj", "{C2F8BEC5-9E59-4431-902C-02E1BB886CB1}"
EndProject
Global
	GlobalSection(SolutionConfigurationPlatforms) = preSolution
		Debug|Any CPU = Debug|Any CPU
		Release|Any CPU = Release|Any CPU
	EndGlobalSection
	GlobalSection(ProjectConfigurationPlatforms) = postSolution
		{C2F8BEC5-9E59-4431-902C-02E1BB886CB1}.Debug|Any CPU.ActiveCfg = Debug|Any CPU
		{C2F8BEC5-9E59-4431-902C-02E1BB886CB1}.Debug|Any CPU.Build.0 = Debug|Any CPU
		{C2F8BEC5-9E59-4431-902C-02E1BB886CB1}.Release|Any CPU.ActiveCfg = Release|Any CPU
		{C2F8BEC5-9E59-4431-902C-02E1BB886CB1}.Release|Any CPU.Build.0 = Release|Any CPU
	EndGlobalSection
	GlobalSection(SolutionProperties) = preSolution
		HideSolutionNode = FALSE
	EndGlobalSection
	GlobalSection(ExtensibilityGlobals) = postSolution
		SolutionGuid = {7D3828A9-D8E6-4885-810D-DE903C6C75B1}
	EndGlobalSection
EndGlobal
